
Microsoft Visual Studio Solution File, Format Version 12.00
# Visual Studio Version 16
VisualStudioVersion = 16.0.32126.315
MinimumVisualStudioVersion = 10.0.40219.1
Project("{FAE04EC0-301F-11D3-BF4B-00C04F79EFBC}") = "Server", "Server\Server.csproj", "{7DB0F915-7FAF-4D19-BB45-0CF9286A456D}"
EndProject
Project("{FAE04EC0-301F-11D3-BF4B-00C04F79EFBC}") = "Mobiles", "Mobiles\Mobiles.csproj", "{4B35BF7E-BAF3-48F8-B71E-FACF60693B91}"
EndProject
Project("{FAE04EC0-301F-11D3-BF4B-00C04F79EFBC}") = "Constants", "Constants\Constants.csproj", "{1E37FE7E-6224-44A6-8884-80CFEB925B63}"
EndProject
Global
	GlobalSection(SolutionConfigurationPlatforms) = preSolution
		Debug|Any CPU = Debug|Any CPU
		Release|Any CPU = Release|Any CPU
	EndGlobalSection
	GlobalSection(ProjectConfigurationPlatforms) = postSolution
		{7DB0F915-7FAF-4D19-BB45-0CF9286A456D}.Debug|Any CPU.ActiveCfg = Debug|Any CPU
		{7DB0F915-7FAF-4D19-BB45-0CF9286A456D}.Debug|Any CPU.Build.0 = Debug|Any CPU
		{7DB0F915-7FAF-4D19-BB45-0CF9286A456D}.Release|Any CPU.ActiveCfg = Release|Any CPU
		{7DB0F915-7FAF-4D19-BB45-0CF9286A456D}.Release|Any CPU.Build.0 = Release|Any CPU
		{4B35BF7E-BAF3-48F8-B71E-FACF60693B91}.Debug|Any CPU.ActiveCfg = Debug|Any CPU
		{4B35BF7E-BAF3-48F8-B71E-FACF60693B91}.Debug|Any CPU.Build.0 = Debug|Any CPU
		{4B35BF7E-BAF3-48F8-B71E-FACF60693B91}.Release|Any CPU.ActiveCfg = Release|Any CPU
		{4B35BF7E-BAF3-48F8-B71E-FACF60693B91}.Release|Any CPU.Build.0 = Release|Any CPU
		{1E37FE7E-6224-44A6-8884-80CFEB925B63}.Debug|Any CPU.ActiveCfg = Debug|Any CPU
		{1E37FE7E-6224-44A6-8884-80CFEB925B63}.Debug|Any CPU.Build.0 = Debug|Any CPU
		{1E37FE7E-6224-44A6-8884-80CFEB925B63}.Release|Any CPU.ActiveCfg = Release|Any CPU
		{1E37FE7E-6224-44A6-8884-80CFEB925B63}.Release|Any CPU.Build.0 = Release|Any CPU
	EndGlobalSection
	GlobalSection(SolutionProperties) = preSolution
		HideSolutionNode = FALSE
	EndGlobalSection
	GlobalSection(ExtensibilityGlobals) = postSolution
		SolutionGuid = {D568D1CD-6F88-4F22-A7C5-BAD777903A2F}
	EndGlobalSection
EndGlobal
